capnproto.org/go/capnp/v3 v3.0.0-alpha-29 h1:ICLhiy4Jmp0d7hLQO+HzFAVIft/oxpPAUPV8tqx+eUE=
capnproto.org/go/capnp/v3 v3.0.0-alpha-29/go.mod h1:+ysMHvOh1EWNOyorxJWs1omhRFiDoKxKkWQACp54jKM=
github.com/glycerine/go-capnproto v0.0.0-20190118050403-2d07de3aa7fc h1:n3B+IEq6eyDBQEDkWQRu2YLBQgoDFxFaYwZVJ7JZsYE=
github.com/glycerine/go-capnproto v0.0.0-20190118050403-2d07de3aa7fc/go.mod h1:m3T7EePpPioSh7P8N3aSNn/4t4TuXYhnJxQF3KXAbSg=
github.com/glycerine/rbtree v0.0.0-20190406191118-ceb71889d809 h1:wBr8MeUUS+Xi4oweFspffWBlDw8s1rGmRBwM4fUjxrc=
github.com/glycerine/rbtree v0.0.0-20190406191118-ceb71889d809/go.mod h1:tf1G9WLJXoNEQ5TWYvCSkqsOepuCNCJebECwJ/B/64I=
github.com/hbollon/go-edlib v1.6.0 h1:ga7AwwVIvP8mHm9GsPueC0d71cfRU/52hmPJ7Tprv4E=
github.com/hbollon/go-edlib v1.6.0/go.mod h1:wnt6o6EIVEzUfgbUZY7BerzQ2uvzp354qmS2xaLkrhM=
golang.org/x/sync v0.0.0-20201020160332-67f06af15bc9 h1:SQFwaSi55rU7vdNs9Yr0Z324VNlrF+0wMqRXT4St8ck=
golang.org/x/sync v0.0.0-20201020160332-67f06af15bc9/go.mod h1:RxMgew5VJxzue5/jJTE5uejpjVlOe/izrB70Jof72aM=
zenhack.net/go/util v0.0.0-20230414204917-531d38494cf5 h1:yksDCGMVzyn3vlyf0GZ3huiF5FFaMGQpQ3UJvR0EoGA=
zenhack.net/go/util v0.0.0-20230414204917-531d38494cf5/go.mod h1:1LtNdPAs8WH+BTcQiZAOo2MIKD/5jyK/u7sZ9ZPe5SE=
